
Microsoft Visual Studio Solution File, Format Version 12.00
# Visual Studio Version 17
VisualStudioVersion = 17.0.31903.59
MinimumVisualStudioVersion = 10.0.40219.1
Project("{2150E333-8FDC-42A3-9474-1A3956D46DE8}") = "src", "src", "{57B84A26-8B12-4960-9F62-D3FDD17AED92}"
EndProject
Project("{FAE04EC0-301F-11D3-BF4B-00C04F79EFBC}") = "Osb.Shell", "src\Osb.Shell\Osb.Shell.csproj", "{A63944E9-D324-4794-AA2A-B5AD4796FBCC}"
EndProject
Project("{FAE04EC0-301F-11D3-BF4B-00C04F79EFBC}") = "Osb.Xwin", "src\Osb.Xwin\Osb.Xwin.csproj", "{B9A1C979-E83F-43FE-8470-EFAAE9A71F54}"
EndProject
Project("{2150E333-8FDC-42A3-9474-1A3956D46DE8}") = "tests", "tests", "{0AB3BF05-4346-4AA6-1389-037BE0695223}"
EndProject
Project("{FAE04EC0-301F-11D3-BF4B-00C04F79EFBC}") = "Osb.Shell.Tests", "tests\Osb.Shell.Tests\Osb.Shell.Tests.csproj", "{04287AE2-5ECC-43C0-9F6B-A179C2DAC813}"
EndProject
Project("{FAE04EC0-301F-11D3-BF4B-00C04F79EFBC}") = "Osb.Lang", "src\Osb.Lang\Osb.Lang.csproj", "{C108BA65-5D8A-463F-A6DC-BA7C0F53B6D7}"
EndProject
Project("{FAE04EC0-301F-11D3-BF4B-00C04F79EFBC}") = "Osb.Lang.Tests", "tests\Osb.Lang.Tests\Osb.Lang.Tests.csproj", "{6E4CABC9-0F23-419C-9E17-512A9A307E78}"
EndProject
Global
	GlobalSection(SolutionConfigurationPlatforms) = preSolution
		Debug|Any CPU = Debug|Any CPU
		Debug|x64 = Debug|x64
		Debug|x86 = Debug|x86
		Release|Any CPU = Release|Any CPU
		Release|x64 = Release|x64
		Release|x86 = Release|x86
	EndGlobalSection
	GlobalSection(ProjectConfigurationPlatforms) = postSolution
		{A63944E9-D324-4794-AA2A-B5AD4796FBCC}.Debug|Any CPU.ActiveCfg = Debug|Any CPU
		{A63944E9-D324-4794-AA2A-B5AD4796FBCC}.Debug|Any CPU.Build.0 = Debug|Any CPU
		{A63944E9-D324-4794-AA2A-B5AD4796FBCC}.Debug|x64.ActiveCfg = Debug|Any CPU
		{A63944E9-D324-4794-AA2A-B5AD4796FBCC}.Debug|x64.Build.0 = Debug|Any CPU
		{A63944E9-D324-4794-AA2A-B5AD4796FBCC}.Debug|x86.ActiveCfg = Debug|Any CPU
		{A63944E9-D324-4794-AA2A-B5AD4796FBCC}.Debug|x86.Build.0 = Debug|Any CPU
		{A63944E9-D324-4794-AA2A-B5AD4796FBCC}.Release|Any CPU.ActiveCfg = Release|Any CPU
		{A63944E9-D324-4794-AA2A-B5AD4796FBCC}.Release|Any CPU.Build.0 = Release|Any CPU
		{A63944E9-D324-4794-AA2A-B5AD4796FBCC}.Release|x64.ActiveCfg = Release|Any CPU
		{A63944E9-D324-4794-AA2A-B5AD4796FBCC}.Release|x64.Build.0 = Release|Any CPU
		{A63944E9-D324-4794-AA2A-B5AD4796FBCC}.Release|x86.ActiveCfg = Release|Any CPU
		{A63944E9-D324-4794-AA2A-B5AD4796FBCC}.Release|x86.Build.0 = Release|Any CPU
		{B9A1C979-E83F-43FE-8470-EFAAE9A71F54}.Debug|Any CPU.ActiveCfg = Debug|Any CPU
		{B9A1C979-E83F-43FE-8470-EFAAE9A71F54}.Debug|Any CPU.Build.0 = Debug|Any CPU
		{B9A1C979-E83F-43FE-8470-EFAAE9A71F54}.Debug|x64.ActiveCfg = Debug|Any CPU
		{B9A1C979-E83F-43FE-8470-EFAAE9A71F54}.Debug|x64.Build.0 = Debug|Any CPU
		{B9A1C979-E83F-43FE-8470-EFAAE9A71F54}.Debug|x86.ActiveCfg = Debug|Any CPU
		{B9A1C979-E83F-43FE-8470-EFAAE9A71F54}.Debug|x86.Build.0 = Debug|Any CPU
		{B9A1C979-E83F-43FE-8470-EFAAE9A71F54}.Release|Any CPU.ActiveCfg = Release|Any CPU
		{B9A1C979-E83F-43FE-8470-EFAAE9A71F54}.Release|Any CPU.Build.0 = Release|Any CPU
		{B9A1C979-E83F-43FE-8470-EFAAE9A71F54}.Release|x64.ActiveCfg = Release|Any CPU
		{B9A1C979-E83F-43FE-8470-EFAAE9A71F54}.Release|x64.Build.0 = Release|Any CPU
		{B9A1C979-E83F-43FE-8470-EFAAE9A71F54}.Release|x86.ActiveCfg = Release|Any CPU
		{B9A1C979-E83F-43FE-8470-EFAAE9A71F54}.Release|x86.Build.0 = Release|Any CPU
		{04287AE2-5ECC-43C0-9F6B-A179C2DAC813}.Debug|Any CPU.ActiveCfg = Debug|Any CPU
		{04287AE2-5ECC-43C0-9F6B-A179C2DAC813}.Debug|Any CPU.Build.0 = Debug|Any CPU
		{04287AE2-5ECC-43C0-9F6B-A179C2DAC813}.Debug|x64.ActiveCfg = Debug|Any CPU
		{04287AE2-5ECC-43C0-9F6B-A179C2DAC813}.Debug|x64.Build.0 = Debug|Any CPU
		{04287AE2-5ECC-43C0-9F6B-A179C2DAC813}.Debug|x86.ActiveCfg = Debug|Any CPU
		{04287AE2-5ECC-43C0-9F6B-A179C2DAC813}.Debug|x86.Build.0 = Debug|Any CPU
		{04287AE2-5ECC-43C0-9F6B-A179C2DAC813}.Release|Any CPU.ActiveCfg = Release|Any CPU
		{04287AE2-5ECC-43C0-9F6B-A179C2DAC813}.Release|Any CPU.Build.0 = Release|Any CPU
		{04287AE2-5ECC-43C0-9F6B-A179C2DAC813}.Release|x64.ActiveCfg = Release|Any CPU
		{04287AE2-5ECC-43C0-9F6B-A179C2DAC813}.Release|x64.Build.0 = Release|Any CPU
		{04287AE2-5ECC-43C0-9F6B-A179C2DAC813}.Release|x86.ActiveCfg = Release|Any CPU
		{04287AE2-5ECC-43C0-9F6B-A179C2DAC813}.Release|x86.Build.0 = Release|Any CPU
		{C108BA65-5D8A-463F-A6DC-BA7C0F53B6D7}.Debug|Any CPU.ActiveCfg = Debug|Any CPU
		{C108BA65-5D8A-463F-A6DC-BA7C0F53B6D7}.Debug|Any CPU.Build.0 = Debug|Any CPU
		{C108BA65-5D8A-463F-A6DC-BA7C0F53B6D7}.Debug|x64.ActiveCfg = Debug|Any CPU
		{C108BA65-5D8A-463F-A6DC-BA7C0F53B6D7}.Debug|x64.Build.0 = Debug|Any CPU
		{C108BA65-5D8A-463F-A6DC-BA7C0F53B6D7}.Debug|x86.ActiveCfg = Debug|Any CPU
		{C108BA65-5D8A-463F-A6DC-BA7C0F53B6D7}.Debug|x86.Build.0 = Debug|Any CPU
		{C108BA65-5D8A-463F-A6DC-BA7C0F53B6D7}.Release|Any CPU.ActiveCfg = Release|Any CPU
		{C108BA65-5D8A-463F-A6DC-BA7C0F53B6D7}.Release|Any CPU.Build.0 = Release|Any CPU
		{C108BA65-5D8A-463F-A6DC-BA7C0F53B6D7}.Release|x64.ActiveCfg = Release|Any CPU
		{C108BA65-5D8A-463F-A6DC-BA7C0F53B6D7}.Release|x64.Build.0 = Release|Any CPU
		{C108BA65-5D8A-463F-A6DC-BA7C0F53B6D7}.Release|x86.ActiveCfg = Release|Any CPU
		{C108BA65-5D8A-463F-A6DC-BA7C0F53B6D7}.Release|x86.Build.0 = Release|Any CPU
		{6E4CABC9-0F23-419C-9E17-512A9A307E78}.Debug|Any CPU.ActiveCfg = Debug|Any CPU
		{6E4CABC9-0F23-419C-9E17-512A9A307E78}.Debug|Any CPU.Build.0 = Debug|Any CPU
		{6E4CABC9-0F23-419C-9E17-512A9A307E78}.Debug|x64.ActiveCfg = Debug|Any CPU
		{6E4CABC9-0F23-419C-9E17-512A9A307E78}.Debug|x64.Build.0 = Debug|Any CPU
		{6E4CABC9-0F23-419C-9E17-512A9A307E78}.Debug|x86.ActiveCfg = Debug|Any CPU
		{6E4CABC9-0F23-419C-9E17-512A9A307E78}.Debug|x86.Build.0 = Debug|Any CPU
		{6E4CABC9-0F23-419C-9E17-512A9A307E78}.Release|Any CPU.ActiveCfg = Release|Any CPU
		{6E4CABC9-0F23-419C-9E17-512A9A307E78}.Release|Any CPU.Build.0 = Release|Any CPU
		{6E4CABC9-0F23-419C-9E17-512A9A307E78}.Release|x64.ActiveCfg = Release|Any CPU
		{6E4CABC9-0F23-419C-9E17-512A9A307E78}.Release|x64.Build.0 = Release|Any CPU
		{6E4CABC9-0F23-419C-9E17-512A9A307E78}.Release|x86.ActiveCfg = Release|Any CPU
		{6E4CABC9-0F23-419C-9E17-512A9A307E78}.Release|x86.Build.0 = Release|Any CPU
	EndGlobalSection
	GlobalSection(SolutionProperties) = preSolution
		HideSolutionNode = FALSE
	EndGlobalSection
	GlobalSection(NestedProjects) = preSolution
		{A63944E9-D324-4794-AA2A-B5AD4796FBCC} = {57B84A26-8B12-4960-9F62-D3FDD17AED92}
		{B9A1C979-E83F-43FE-8470-EFAAE9A71F54} = {57B84A26-8B12-4960-9F62-D3FDD17AED92}
		{04287AE2-5ECC-43C0-9F6B-A179C2DAC813} = {0AB3BF05-4346-4AA6-1389-037BE0695223}
		{C108BA65-5D8A-463F-A6DC-BA7C0F53B6D7} = {57B84A26-8B12-4960-9F62-D3FDD17AED92}
		{6E4CABC9-0F23-419C-9E17-512A9A307E78} = {0AB3BF05-4346-4AA6-1389-037BE0695223}
	EndGlobalSection
EndGlobal
